
Microsoft Visual Studio Solution File, Format Version 12.00
# Visual Studio Version 16
VisualStudioVersion = 16.0.30621.155
MinimumVisualStudioVersion = 15.0.26124.0
Project("{9A19103F-16F7-4668-BE54-9A1E7A4F7556}") = "Togla.Data", "Togla.Data\Togla.Data.csproj", "{D42D8CF8-D591-4451-B12B-2D359F763F1E}"
EndProject
Project("{9A19103F-16F7-4668-BE54-9A1E7A4F7556}") = "Togla.Web", "Togla.Web\Togla.Web.csproj", "{EE5A510A-9330-4A89-A0E4-6A280CF7B6AD}"
EndProject
Project("{9A19103F-16F7-4668-BE54-9A1E7A4F7556}") = "Togla.Services", "Togla.Services\Togla.Services.csproj", "{1E84ACF7-23A0-48D8-B197-ED8F40539AA4}"
EndProject
Project("{9A19103F-16F7-4668-BE54-9A1E7A4F7556}") = "Togla.Tests", "Togla.Tests\Togla.Tests.csproj", "{9228AC46-9BC7-4391-9437-26A39885B2CB}"
EndProject
Project("{9A19103F-16F7-4668-BE54-9A1E7A4F7556}") = "Togla.DataImporter", "Togla.DataImporter\Togla.DataImporter.csproj", "{7E0D8037-A0B4-41CE-B1FC-6D1814F88B55}"
EndProject
Global
	GlobalSection(SolutionConfigurationPlatforms) = preSolution
		Debug|Any CPU = Debug|Any CPU
		Debug|x64 = Debug|x64
		Debug|x86 = Debug|x86
		Release|Any CPU = Release|Any CPU
		Release|x64 = Release|x64
		Release|x86 = Release|x86
	EndGlobalSection
	GlobalSection(ProjectConfigurationPlatforms) = postSolution
		{D42D8CF8-D591-4451-B12B-2D359F763F1E}.Debug|Any CPU.ActiveCfg = Debug|Any CPU
		{D42D8CF8-D591-4451-B12B-2D359F763F1E}.Debug|Any CPU.Build.0 = Debug|Any CPU
		{D42D8CF8-D591-4451-B12B-2D359F763F1E}.Debug|x64.ActiveCfg = Debug|Any CPU
		{D42D8CF8-D591-4451-B12B-2D359F763F1E}.Debug|x64.Build.0 = Debug|Any CPU
		{D42D8CF8-D591-4451-B12B-2D359F763F1E}.Debug|x86.ActiveCfg = Debug|Any CPU
		{D42D8CF8-D591-4451-B12B-2D359F763F1E}.Debug|x86.Build.0 = Debug|Any CPU
		{D42D8CF8-D591-4451-B12B-2D359F763F1E}.Release|Any CPU.ActiveCfg = Release|Any CPU
		{D42D8CF8-D591-4451-B12B-2D359F763F1E}.Release|Any CPU.Build.0 = Release|Any CPU
		{D42D8CF8-D591-4451-B12B-2D359F763F1E}.Release|x64.ActiveCfg = Release|Any CPU
		{D42D8CF8-D591-4451-B12B-2D359F763F1E}.Release|x64.Build.0 = Release|Any CPU
		{D42D8CF8-D591-4451-B12B-2D359F763F1E}.Release|x86.ActiveCfg = Release|Any CPU
		{D42D8CF8-D591-4451-B12B-2D359F763F1E}.Release|x86.Build.0 = Release|Any CPU
		{EE5A510A-9330-4A89-A0E4-6A280CF7B6AD}.Debug|Any CPU.ActiveCfg = Debug|Any CPU
		{EE5A510A-9330-4A89-A0E4-6A280CF7B6AD}.Debug|Any CPU.Build.0 = Debug|Any CPU
		{EE5A510A-9330-4A89-A0E4-6A280CF7B6AD}.Debug|x64.ActiveCfg = Debug|Any CPU
		{EE5A510A-9330-4A89-A0E4-6A280CF7B6AD}.Debug|x64.Build.0 = Debug|Any CPU
		{EE5A510A-9330-4A89-A0E4-6A280CF7B6AD}.Debug|x86.ActiveCfg = Debug|Any CPU
		{EE5A510A-9330-4A89-A0E4-6A280CF7B6AD}.Debug|x86.Build.0 = Debug|Any CPU
		{EE5A510A-9330-4A89-A0E4-6A280CF7B6AD}.Release|Any CPU.ActiveCfg = Release|Any CPU
		{EE5A510A-9330-4A89-A0E4-6A280CF7B6AD}.Release|Any CPU.Build.0 = Release|Any CPU
		{EE5A510A-9330-4A89-A0E4-6A280CF7B6AD}.Release|x64.ActiveCfg = Release|Any CPU
		{EE5A510A-9330-4A89-A0E4-6A280CF7B6AD}.Release|x64.Build.0 = Release|Any CPU
		{EE5A510A-9330-4A89-A0E4-6A280CF7B6AD}.Release|x86.ActiveCfg = Release|Any CPU
		{EE5A510A-9330-4A89-A0E4-6A280CF7B6AD}.Release|x86.Build.0 = Release|Any CPU
		{1E84ACF7-23A0-48D8-B197-ED8F40539AA4}.Debug|Any CPU.ActiveCfg = Debug|Any CPU
		{1E84ACF7-23A0-48D8-B197-ED8F40539AA4}.Debug|Any CPU.Build.0 = Debug|Any CPU
		{1E84ACF7-23A0-48D8-B197-ED8F40539AA4}.Debug|x64.ActiveCfg = Debug|Any CPU
		{1E84ACF7-23A0-48D8-B197-ED8F40539AA4}.Debug|x64.Build.0 = Debug|Any CPU
		{1E84ACF7-23A0-48D8-B197-ED8F40539AA4}.Debug|x86.ActiveCfg = Debug|Any CPU
		{1E84ACF7-23A0-48D8-B197-ED8F40539AA4}.Debug|x86.Build.0 = Debug|Any CPU
		{1E84ACF7-23A0-48D8-B197-ED8F40539AA4}.Release|Any CPU.ActiveCfg = Release|Any CPU
		{1E84ACF7-23A0-48D8-B197-ED8F40539AA4}.Release|Any CPU.Build.0 = Release|Any CPU
		{1E84ACF7-23A0-48D8-B197-ED8F40539AA4}.Release|x64.ActiveCfg = Release|Any CPU
		{1E84ACF7-23A0-48D8-B197-ED8F40539AA4}.Release|x64.Build.0 = Release|Any CPU
		{1E84ACF7-23A0-48D8-B197-ED8F40539AA4}.Release|x86.ActiveCfg = Release|Any CPU
		{1E84ACF7-23A0-48D8-B197-ED8F40539AA4}.Release|x86.Build.0 = Release|Any CPU
		{9228AC46-9BC7-4391-9437-26A39885B2CB}.Debug|Any CPU.ActiveCfg = Debug|Any CPU
		{9228AC46-9BC7-4391-9437-26A39885B2CB}.Debug|Any CPU.Build.0 = Debug|Any CPU
		{9228AC46-9BC7-4391-9437-26A39885B2CB}.Debug|x64.ActiveCfg = Debug|Any CPU
		{9228AC46-9BC7-4391-9437-26A39885B2CB}.Debug|x64.Build.0 = Debug|Any CPU
		{9228AC46-9BC7-4391-9437-26A39885B2CB}.Debug|x86.ActiveCfg = Debug|Any CPU
		{9228AC46-9BC7-4391-9437-26A39885B2CB}.Debug|x86.Build.0 = Debug|Any CPU
		{9228AC46-9BC7-4391-9437-26A39885B2CB}.Release|Any CPU.ActiveCfg = Release|Any CPU
		{9228AC46-9BC7-4391-9437-26A39885B2CB}.Release|Any CPU.Build.0 = Release|Any CPU
		{9228AC46-9BC7-4391-9437-26A39885B2CB}.Release|x64.ActiveCfg = Release|Any CPU
		{9228AC46-9BC7-4391-9437-26A39885B2CB}.Release|x64.Build.0 = Release|Any CPU
		{9228AC46-9BC7-4391-9437-26A39885B2CB}.Release|x86.ActiveCfg = Release|Any CPU
		{9228AC46-9BC7-4391-9437-26A39885B2CB}.Release|x86.Build.0 = Release|Any CPU
		{7E0D8037-A0B4-41CE-B1FC-6D1814F88B55}.Debug|Any CPU.ActiveCfg = Debug|Any CPU
		{7E0D8037-A0B4-41CE-B1FC-6D1814F88B55}.Debug|Any CPU.Build.0 = Debug|Any CPU
		{7E0D8037-A0B4-41CE-B1FC-6D1814F88B55}.Debug|x64.ActiveCfg = Debug|Any CPU
		{7E0D8037-A0B4-41CE-B1FC-6D1814F88B55}.Debug|x64.Build.0 = Debug|Any CPU
		{7E0D8037-A0B4-41CE-B1FC-6D1814F88B55}.Debug|x86.ActiveCfg = Debug|Any CPU
		{7E0D8037-A0B4-41CE-B1FC-6D1814F88B55}.Debug|x86.Build.0 = Debug|Any CPU
		{7E0D8037-A0B4-41CE-B1FC-6D1814F88B55}.Release|Any CPU.ActiveCfg = Release|Any CPU
		{7E0D8037-A0B4-41CE-B1FC-6D1814F88B55}.Release|Any CPU.Build.0 = Release|Any CPU
		{7E0D8037-A0B4-41CE-B1FC-6D1814F88B55}.Release|x64.ActiveCfg = Release|Any CPU
		{7E0D8037-A0B4-41CE-B1FC-6D1814F88B55}.Release|x64.Build.0 = Release|Any CPU
		{7E0D8037-A0B4-41CE-B1FC-6D1814F88B55}.Release|x86.ActiveCfg = Release|Any CPU
		{7E0D8037-A0B4-41CE-B1FC-6D1814F88B55}.Release|x86.Build.0 = Release|Any CPU
	EndGlobalSection
	GlobalSection(SolutionProperties) = preSolution
		HideSolutionNode = FALSE
	EndGlobalSection
	GlobalSection(ExtensibilityGlobals) = postSolution
		SolutionGuid = {D7DD93DD-F7A6-4355-A2EA-378D56DAA110}
	EndGlobalSection
EndGlobal
